
Microsoft Visual Studio Solution File, Format Version 12.00
# Visual Studio Version 17
VisualStudioVersion = 17.11.35222.181
MinimumVisualStudioVersion = 10.0.40219.1
Project("{FAE04EC0-301F-11D3-BF4B-00C04F79EFBC}") = "Authentication", "Authentication.csproj", "{90D5739A-FDCD-466D-BCE6-E7FCB5491BE8}"
EndProject
Global
	GlobalSection(SolutionConfigurationPlatforms) = preSolution
		Debug|Any CPU = Debug|Any CPU
		Release|Any CPU = Release|Any CPU
	EndGlobalSection
	GlobalSection(ProjectConfigurationPlatforms) = postSolution
		{90D5739A-FDCD-466D-BCE6-E7FCB5491BE8}.Debug|Any CPU.ActiveCfg = Debug|Any CPU
		{90D5739A-FDCD-466D-BCE6-E7FCB5491BE8}.Debug|Any CPU.Build.0 = Debug|Any CPU
		{90D5739A-FDCD-466D-BCE6-E7FCB5491BE8}.Release|Any CPU.ActiveCfg = Release|Any CPU
		{90D5739A-FDCD-466D-BCE6-E7FCB5491BE8}.Release|Any CPU.Build.0 = Release|Any CPU
	EndGlobalSection
	GlobalSection(SolutionProperties) = preSolution
		HideSolutionNode = FALSE
	EndGlobalSection
	GlobalSection(ExtensibilityGlobals) = postSolution
		SolutionGuid = {E13E01BB-0C2C-4227-8BFA-F43C3ECA456E}
	EndGlobalSection
EndGlobal
